<Solution>
  <Project Path="EmployeesCollaborationTracker.Application/EmployeesCollaborationTracker.Application.csproj" />
  <Project Path="EmployeesCollaborationTracker.Domain/EmployeesCollaborationTracker.Domain.csproj" />
  <Project Path="EmployeesCollaborationTracker.Infrastructure/EmployeesCollaborationTracker.Infrastructure.csproj" />
  <Project Path="EmployeesCollaborationTracker.Tests/EmployeesCollaborationTracker.Tests.csproj" />
  <Project Path="EmployeesCollaborationTracker/EmployeesCollaborationTracker.Web.csproj" />
</Solution>
